<?xml version="1.0" encoding="utf-8"?>
<Project ToolsVersion="4.0" xmlns="http://schemas.microsoft.com/developer/msbuild/2003">
  <ItemGroup>
    <Filter Include="Source Files">
      <UniqueIdentifier>{436CF292-F8AC-4397-9748-0D5283A1BC2B}</UniqueIdentifier>
      <Extensions>cpp;c;cc;cxx;c++;ixx;def;odl;idl;hpj;bat;asm;asmx</Extensions>
    </Filter>
    <Filter Include="Header Files">
      <UniqueIdentifier>{6908A49E-54E9-468C-BC40-54E92A5A7F22}</UniqueIdentifier>
      <Extensions>h;hh;hpp;hxx;h++;hm;inl;inc;ipp;xsd</Extensions>
    </Filter>
  </ItemGroup>
  <ItemGroup>
    <ClInclude Include="..\impl\ncnn_gpu_policy.h">
      <Filter>Header Files</Filter>
    </ClInclude>
    <ClInclude Include="..\impl\pch.h">
      <Filter>Header Files</Filter>
    </ClInclude>
    <ClInclude Include="..\impl\yolo11.h">
      <Filter>Header Files</Filter>
    </ClInclude>
    <ClInclude Include="..\impl\yolo_api.h">
      <Filter>Header Files</Filter>
    </ClInclude>
  </ItemGroup>
  <ItemGroup>
    <ClCompile Include="..\impl\ncnn_gpu_policy.cpp">
      <Filter>Source Files</Filter>
    </ClCompile>
    <ClCompile Include="..\impl\yolo11.cpp">
      <Filter>Source Files</Filter>
    </ClCompile>
  </ItemGroup>
</Project>
